
Microsoft Visual Studio Solution File, Format Version 12.00
# Visual Studio 15
VisualStudioVersion = 15.0.26124.0
MinimumVisualStudioVersion = 15.0.26124.0
Project("{2150E333-8FDC-42A3-9474-1A3956D46DE8}") = "src", "src", "{38CAA34A-05AA-4D29-8B41-DE4E235E1524}"
EndProject
Project("{FAE04EC0-301F-11D3-BF4B-00C04F79EFBC}") = "SharpJobs", "src\SharpJobs\SharpJobs.csproj", "{DA0B8279-8C5D-4FAB-8E74-DDB6C8D76DF3}"
EndProject
Project("{FAE04EC0-301F-11D3-BF4B-00C04F79EFBC}") = "Build", "build\scripts\Build.csproj", "{19CC0B66-6A39-4B1A-8644-FDEF958CD4C8}"
EndProject
Project("{2150E333-8FDC-42A3-9474-1A3956D46DE8}") = "build", "build", "{6F0DD812-732A-4525-A267-02EB21011772}"
EndProject
Project("{2150E333-8FDC-42A3-9474-1A3956D46DE8}") = "test", "test", "{7740ACE5-1A65-4763-B258-73B7FC3AA440}"
EndProject
Project("{FAE04EC0-301F-11D3-BF4B-00C04F79EFBC}") = "SharpJobs.Tests", "test\SharpJobs.Tests\SharpJobs.Tests.csproj", "{95F89C42-AFBA-42FF-B7C2-D8585F4A912E}"
EndProject
Global
	GlobalSection(SolutionConfigurationPlatforms) = preSolution
		Debug|Any CPU = Debug|Any CPU
		Debug|x64 = Debug|x64
		Debug|x86 = Debug|x86
		Release|Any CPU = Release|Any CPU
		Release|x64 = Release|x64
		Release|x86 = Release|x86
	EndGlobalSection
	GlobalSection(SolutionProperties) = preSolution
		HideSolutionNode = FALSE
	EndGlobalSection
	GlobalSection(ProjectConfigurationPlatforms) = postSolution
		{DA0B8279-8C5D-4FAB-8E74-DDB6C8D76DF3}.Debug|Any CPU.ActiveCfg = Debug|Any CPU
		{DA0B8279-8C5D-4FAB-8E74-DDB6C8D76DF3}.Debug|Any CPU.Build.0 = Debug|Any CPU
		{DA0B8279-8C5D-4FAB-8E74-DDB6C8D76DF3}.Debug|x64.ActiveCfg = Debug|Any CPU
		{DA0B8279-8C5D-4FAB-8E74-DDB6C8D76DF3}.Debug|x64.Build.0 = Debug|Any CPU
		{DA0B8279-8C5D-4FAB-8E74-DDB6C8D76DF3}.Debug|x86.ActiveCfg = Debug|Any CPU
		{DA0B8279-8C5D-4FAB-8E74-DDB6C8D76DF3}.Debug|x86.Build.0 = Debug|Any CPU
		{DA0B8279-8C5D-4FAB-8E74-DDB6C8D76DF3}.Release|Any CPU.ActiveCfg = Release|Any CPU
		{DA0B8279-8C5D-4FAB-8E74-DDB6C8D76DF3}.Release|Any CPU.Build.0 = Release|Any CPU
		{DA0B8279-8C5D-4FAB-8E74-DDB6C8D76DF3}.Release|x64.ActiveCfg = Release|Any CPU
		{DA0B8279-8C5D-4FAB-8E74-DDB6C8D76DF3}.Release|x64.Build.0 = Release|Any CPU
		{DA0B8279-8C5D-4FAB-8E74-DDB6C8D76DF3}.Release|x86.ActiveCfg = Release|Any CPU
		{DA0B8279-8C5D-4FAB-8E74-DDB6C8D76DF3}.Release|x86.Build.0 = Release|Any CPU
		{19CC0B66-6A39-4B1A-8644-FDEF958CD4C8}.Debug|Any CPU.ActiveCfg = Debug|Any CPU
		{19CC0B66-6A39-4B1A-8644-FDEF958CD4C8}.Debug|Any CPU.Build.0 = Debug|Any CPU
		{19CC0B66-6A39-4B1A-8644-FDEF958CD4C8}.Debug|x64.ActiveCfg = Debug|Any CPU
		{19CC0B66-6A39-4B1A-8644-FDEF958CD4C8}.Debug|x64.Build.0 = Debug|Any CPU
		{19CC0B66-6A39-4B1A-8644-FDEF958CD4C8}.Debug|x86.ActiveCfg = Debug|Any CPU
		{19CC0B66-6A39-4B1A-8644-FDEF958CD4C8}.Debug|x86.Build.0 = Debug|Any CPU
		{19CC0B66-6A39-4B1A-8644-FDEF958CD4C8}.Release|Any CPU.ActiveCfg = Release|Any CPU
		{19CC0B66-6A39-4B1A-8644-FDEF958CD4C8}.Release|Any CPU.Build.0 = Release|Any CPU
		{19CC0B66-6A39-4B1A-8644-FDEF958CD4C8}.Release|x64.ActiveCfg = Release|Any CPU
		{19CC0B66-6A39-4B1A-8644-FDEF958CD4C8}.Release|x64.Build.0 = Release|Any CPU
		{19CC0B66-6A39-4B1A-8644-FDEF958CD4C8}.Release|x86.ActiveCfg = Release|Any CPU
		{19CC0B66-6A39-4B1A-8644-FDEF958CD4C8}.Release|x86.Build.0 = Release|Any CPU
		{95F89C42-AFBA-42FF-B7C2-D8585F4A912E}.Debug|Any CPU.ActiveCfg = Debug|Any CPU
		{95F89C42-AFBA-42FF-B7C2-D8585F4A912E}.Debug|Any CPU.Build.0 = Debug|Any CPU
		{95F89C42-AFBA-42FF-B7C2-D8585F4A912E}.Debug|x64.ActiveCfg = Debug|Any CPU
		{95F89C42-AFBA-42FF-B7C2-D8585F4A912E}.Debug|x64.Build.0 = Debug|Any CPU
		{95F89C42-AFBA-42FF-B7C2-D8585F4A912E}.Debug|x86.ActiveCfg = Debug|Any CPU
		{95F89C42-AFBA-42FF-B7C2-D8585F4A912E}.Debug|x86.Build.0 = Debug|Any CPU
		{95F89C42-AFBA-42FF-B7C2-D8585F4A912E}.Release|Any CPU.ActiveCfg = Release|Any CPU
		{95F89C42-AFBA-42FF-B7C2-D8585F4A912E}.Release|Any CPU.Build.0 = Release|Any CPU
		{95F89C42-AFBA-42FF-B7C2-D8585F4A912E}.Release|x64.ActiveCfg = Release|Any CPU
		{95F89C42-AFBA-42FF-B7C2-D8585F4A912E}.Release|x64.Build.0 = Release|Any CPU
		{95F89C42-AFBA-42FF-B7C2-D8585F4A912E}.Release|x86.ActiveCfg = Release|Any CPU
		{95F89C42-AFBA-42FF-B7C2-D8585F4A912E}.Release|x86.Build.0 = Release|Any CPU
	EndGlobalSection
	GlobalSection(NestedProjects) = preSolution
		{DA0B8279-8C5D-4FAB-8E74-DDB6C8D76DF3} = {38CAA34A-05AA-4D29-8B41-DE4E235E1524}
		{19CC0B66-6A39-4B1A-8644-FDEF958CD4C8} = {6F0DD812-732A-4525-A267-02EB21011772}
		{95F89C42-AFBA-42FF-B7C2-D8585F4A912E} = {7740ACE5-1A65-4763-B258-73B7FC3AA440}
	EndGlobalSection
EndGlobal
